# This file is autogenerated, do not edit; changes may be undone by the next 'dep ensure'.


[[projects]]
  digest = "1:ffe9824d294da03b391f44e1ae8281281b4afc1bdaa9588c9097785e3af10cec"
  name = "github.com/davecgh/go-spew"
  packages = ["spew"]
  pruneopts = "UT"
  revision = "8991bc29aa16c548c550c7ff78260e27b9ab7c73"
  version = "v1.1.1"

[[projects]]
  digest = "1:0028cb19b2e4c3112225cd871870f2d9cf49b9b4276531f03438a88e94be86fe"
  name = "github.com/pmezard/go-difflib"
  packages = ["difflib"]
  pruneopts = "UT"
  revision = "792786c7400a136282c1664665ae0a8db921c6c2"
  version = "v1.0.0"

[[projects]]
  branch = "master"
  digest = "1:03bf1ca37b9e2bcbe6e2a4d6ed7b6f024d2c9a206ba73e2702f33401c2a98f14"
  name = "github.com/sebdah/goldie"
  packages = ["."]
  pruneopts = "UT"
  revision = "d313ffb52c776394bb6a2c72a386f918b7e826e7"

[[projects]]
  digest = "1:972c2427413d41a1e06ca4897e8528e5a1622894050e2f527b38ddf0f343f759"
  name = "github.com/stretchr/testify"
  packages = ["assert"]
  pruneopts = "UT"
  revision = "ffdc059bfe9ce6a4e144ba849dbedead332c6053"
  version = "v1.3.0"

[[projects]]
  digest = "1:4d2e5a73dc1500038e504a8d78b986630e3626dc027bc030ba5c75da257cdb96"
  name = "gopkg.in/yaml.v2"
  packages = ["."]
  pruneopts = "UT"
  revision = "51d6538a90f86fe93ac480b35f37b2be17fef232"
  version = "v2.2.2"

[[projects]]
  digest = "1:31c9d9443423b5188d7359bcfc81b1d628490916c130027d59ac61511845e605"
  name = "www.velocidex.com/golang/binparsergen"
  packages = ["."]
  pruneopts = "UT"
  revision = "3c6c4cbb26c0b700f818fdfd3143c0d4005c3312"
  version = "v0.1.0"

[solve-meta]
  analyzer-name = "dep"
  analyzer-version = 1
  input-imports = [
    "github.com/davecgh/go-spew/spew",
    "github.com/sebdah/goldie",
    "github.com/stretchr/testify/assert",
    "www.velocidex.com/golang/binparsergen",
  ]
  solver-name = "gps-cdcl"
  solver-version = 1
